// !$*UTF8*$!
{
	archiveVersion = 1;
	classes = {
	};
	objectVersion = 46;
	objects = {

/* Begin PBXBuildFile section */
		A24FDEB11F3561A30019A061 /* GoogleService-Info.plist in Resources */ = {isa = PBXBuildFile; fileRef = A24FDEB01F3561A30019A061 /* GoogleService-Info.plist */; };
		A24FDEB31F3608630019A061 /* AuthService.swift in Sources */ = {isa = PBXBuildFile; fileRef = A24FDEB21F3608630019A061 /* AuthService.swift */; };
		A24FDEB81F36BD7F0019A061 /* ProgressHUD.bundle in Resources */ = {isa = PBXBuildFile; fileRef = A24FDEB51F36BD7F0019A061 /* ProgressHUD.bundle */; };
		A24FDEB91F36BD7F0019A061 /* ProgressHUD.m in Sources */ = {isa = PBXBuildFile; fileRef = A24FDEB71F36BD7F0019A061 /* ProgressHUD.m */; };
		A24FDEBB1F36CD9D0019A061 /* Constant.swift in Sources */ = {isa = PBXBuildFile; fileRef = A24FDEBA1F36CD9D0019A061 /* Constant.swift */; };
		A24FDEBE1F370B040019A061 /* post.swift in Sources */ = {isa = PBXBuildFile; fileRef = A24FDEBD1F370B040019A061 /* post.swift */; };
		A24FDEC11F3802CE0019A061 /* HomeTableViewCell.swift in Sources */ = {isa = PBXBuildFile; fileRef = A24FDEC01F3802CE0019A061 /* HomeTableViewCell.swift */; };
		A2997E2E1F34280300D8230B /* AppDelegate.swift in Sources */ = {isa = PBXBuildFile; fileRef = A2997E2D1F34280300D8230B /* AppDelegate.swift */; };
		A2997E331F34280300D8230B /* Start.storyboard in Resources */ = {isa = PBXBuildFile; fileRef = A2997E311F34280300D8230B /* Start.storyboard */; };
		A2997E351F34280300D8230B /* Assets.xcassets in Resources */ = {isa = PBXBuildFile; fileRef = A2997E341F34280300D8230B /* Assets.xcassets */; };
		A2997E381F34280300D8230B /* LaunchScreen.storyboard in Resources */ = {isa = PBXBuildFile; fileRef = A2997E361F34280300D8230B /* LaunchScreen.storyboard */; };
		A2997E401F342B7F00D8230B /* SigninViewController.swift in Sources */ = {isa = PBXBuildFile; fileRef = A2997E3F1F342B7F00D8230B /* SigninViewController.swift */; };
		A2997E421F34319500D8230B /* SignupViewController.swift in Sources */ = {isa = PBXBuildFile; fileRef = A2997E411F34319500D8230B /* SignupViewController.swift */; };
		A2997E441F344E0C00D8230B /* HomeViewController.swift in Sources */ = {isa = PBXBuildFile; fileRef = A2997E431F344E0C00D8230B /* HomeViewController.swift */; };
		A2997E461F344E2300D8230B /* DiscoverViewController.swift in Sources */ = {isa = PBXBuildFile; fileRef = A2997E451F344E2300D8230B /* DiscoverViewController.swift */; };
		A2997E481F344E3F00D8230B /* CameraViewController.swift in Sources */ = {isa = PBXBuildFile; fileRef = A2997E471F344E3F00D8230B /* CameraViewController.swift */; };
		A2997E4A1F344E4D00D8230B /* ActivityViewController.swift in Sources */ = {isa = PBXBuildFile; fileRef = A2997E491F344E4D00D8230B /* ActivityViewController.swift */; };
		A2997E4C1F344E5F00D8230B /* ProfileViewController.swift in Sources */ = {isa = PBXBuildFile; fileRef = A2997E4B1F344E5F00D8230B /* ProfileViewController.swift */; };
		A2997E4F1F34591800D8230B /* Main.storyboard in Resources */ = {isa = PBXBuildFile; fileRef = A2997E4D1F34591800D8230B /* Main.storyboard */; };
		A2997E511F34606300D8230B /* Home.storyboard in Resources */ = {isa = PBXBuildFile; fileRef = A2997E501F34606300D8230B /* Home.storyboard */; };
		A2997E561F3461F600D8230B /* Discover.storyboard in Resources */ = {isa = PBXBuildFile; fileRef = A2997E551F3461F600D8230B /* Discover.storyboard */; };
		A2997E591F34623200D8230B /* Camera.storyboard in Resources */ = {isa = PBXBuildFile; fileRef = A2997E571F34623200D8230B /* Camera.storyboard */; };
		A2997E5B1F34625C00D8230B /* Activity.storyboard in Resources */ = {isa = PBXBuildFile; fileRef = A2997E5A1F34625C00D8230B /* Activity.storyboard */; };
		A2997E5E1F34628400D8230B /* Profile.storyboard in Resources */ = {isa = PBXBuildFile; fileRef = A2997E5C1F34628400D8230B /* Profile.storyboard */; };
		A2997E601F34A87700D8230B /* Extensions.swift in Sources */ = {isa = PBXBuildFile; fileRef = A2997E5F1F34A87700D8230B /* Extensions.swift */; };
		FD8A91340FC857CFE2C463C1 /* Pods_MyInstaStory.framework in Frameworks */ = {isa = PBXBuildFile; fileRef = 2A828218B573D88818E48C86 /* Pods_MyInstaStory.framework */; };
/* End PBXBuildFile section */

/* Begin PBXFileReference section */
		060844CB0E17A5EEE3414694 /* Pods_MyInsta.framework */ = {isa = PBXFileReference; explicitFileType = wrapper.framework; includeInIndex = 0; path = Pods_MyInsta.framework; sourceTree = BUILT_PRODUCTS_DIR; };
		2A828218B573D88818E48C86 /* Pods_MyInstaStory.framework */ = {isa = PBXFileReference; explicitFileType = wrapper.framework; includeInIndex = 0; path = Pods_MyInstaStory.framework; sourceTree = BUILT_PRODUCTS_DIR; };
		31BB1266603867734A1F0154 /* Pods-MyInstaStory.release.xcconfig */ = {isa = PBXFileReference; includeInIndex = 1; lastKnownFileType = text.xcconfig; name = "Pods-MyInstaStory.release.xcconfig"; path = "Pods/Target Support Files/Pods-MyInstaStory/Pods-MyInstaStory.release.xcconfig"; sourceTree = "<group>"; };
		619EE85C78FA9D166600BE81 /* Pods-MyInstaStory.debug.xcconfig */ = {isa = PBXFileReference; includeInIndex = 1; lastKnownFileType = text.xcconfig; name = "Pods-MyInstaStory.debug.xcconfig"; path = "Pods/Target Support Files/Pods-MyInstaStory/Pods-MyInstaStory.debug.xcconfig"; sourceTree = "<group>"; };
		A24FDEB01F3561A30019A061 /* GoogleService-Info.plist */ = {isa = PBXFileReference; fileEncoding = 4; lastKnownFileType = text.plist.xml; name = "GoogleService-Info.plist"; path = "MyInstaStory/GoogleService-Info.plist"; sourceTree = "<group>"; };
		A24FDEB21F3608630019A061 /* AuthService.swift */ = {isa = PBXFileReference; fileEncoding = 4; lastKnownFileType = sourcecode.swift; name = AuthService.swift; path = MyInstaStory/AuthService.swift; sourceTree = "<group>"; };
		A24FDEB41F36BD7F0019A061 /* MyInstaStory-Bridging-Header.h */ = {isa = PBXFileReference; lastKnownFileType = sourcecode.c.h; path = "MyInstaStory-Bridging-Header.h"; sourceTree = "<group>"; };
		A24FDEB51F36BD7F0019A061 /* ProgressHUD.bundle */ = {isa = PBXFileReference; lastKnownFileType = "wrapper.plug-in"; path = ProgressHUD.bundle; sourceTree = "<group>"; };
		A24FDEB61F36BD7F0019A061 /* ProgressHUD.h */ = {isa = PBXFileReference; fileEncoding = 4; lastKnownFileType = sourcecode.c.h; path = ProgressHUD.h; sourceTree = "<group>"; };
		A24FDEB71F36BD7F0019A061 /* ProgressHUD.m */ = {isa = PBXFileReference; fileEncoding = 4; lastKnownFileType = sourcecode.c.objc; path = ProgressHUD.m; sourceTree = "<group>"; };
		A24FDEBA1F36CD9D0019A061 /* Constant.swift */ = {isa = PBXFileReference; fileEncoding = 4; lastKnownFileType = sourcecode.swift; path = Constant.swift; sourceTree = "<group>"; };
		A24FDEBD1F370B040019A061 /* post.swift */ = {isa = PBXFileReference; fileEncoding = 4; lastKnownFileType = sourcecode.swift; path = post.swift; sourceTree = "<group>"; };
		A24FDEC01F3802CE0019A061 /* HomeTableViewCell.swift */ = {isa = PBXFileReference; fileEncoding = 4; lastKnownFileType = sourcecode.swift; path = HomeTableViewCell.swift; sourceTree = "<group>"; };
		A2997E2A1F34280300D8230B /* MyInstaStory.app */ = {isa = PBXFileReference; explicitFileType = wrapper.application; includeInIndex = 0; path = MyInstaStory.app; sourceTree = BUILT_PRODUCTS_DIR; };
		A2997E2D1F34280300D8230B /* AppDelegate.swift */ = {isa = PBXFileReference; lastKnownFileType = sourcecode.swift; name = AppDelegate.swift; path = MyInstaStory/AppDelegate.swift; sourceTree = "<group>"; };
		A2997E321F34280300D8230B /* Base */ = {isa = PBXFileReference; lastKnownFileType = file.storyboard; name = Base; path = Base.lproj/Start.storyboard; sourceTree = "<group>"; };
		A2997E341F34280300D8230B /* Assets.xcassets */ = {isa = PBXFileReference; lastKnownFileType = folder.assetcatalog; name = Assets.xcassets; path = MyInstaStory/Assets.xcassets; sourceTree = "<group>"; };
		A2997E371F34280300D8230B /* Base */ = {isa = PBXFileReference; lastKnownFileType = file.storyboard; name = Base; path = Base.lproj/LaunchScreen.storyboard; sourceTree = "<group>"; };
		A2997E391F34280300D8230B /* Info.plist */ = {isa = PBXFileReference; lastKnownFileType = text.plist.xml; name = Info.plist; path = MyInstaStory/Info.plist; sourceTree = "<group>"; };
		A2997E3F1F342B7F00D8230B /* SigninViewController.swift */ = {isa = PBXFileReference; fileEncoding = 4; lastKnownFileType = sourcecode.swift; name = SigninViewController.swift; path = MyInstaStory/SigninViewController.swift; sourceTree = "<group>"; };
		A2997E411F34319500D8230B /* SignupViewController.swift */ = {isa = PBXFileReference; fileEncoding = 4; lastKnownFileType = sourcecode.swift; name = SignupViewController.swift; path = MyInstaStory/SignupViewController.swift; sourceTree = "<group>"; };
		A2997E431F344E0C00D8230B /* HomeViewController.swift */ = {isa = PBXFileReference; fileEncoding = 4; lastKnownFileType = sourcecode.swift; name = HomeViewController.swift; path = MyInstaStory/HomeViewController.swift; sourceTree = "<group>"; };
		A2997E451F344E2300D8230B /* DiscoverViewController.swift */ = {isa = PBXFileReference; fileEncoding = 4; lastKnownFileType = sourcecode.swift; name = DiscoverViewController.swift; path = MyInstaStory/DiscoverViewController.swift; sourceTree = "<group>"; };
		A2997E471F344E3F00D8230B /* CameraViewController.swift */ = {isa = PBXFileReference; fileEncoding = 4; lastKnownFileType = sourcecode.swift; name = CameraViewController.swift; path = MyInstaStory/CameraViewController.swift; sourceTree = "<group>"; };
		A2997E491F344E4D00D8230B /* ActivityViewController.swift */ = {isa = PBXFileReference; fileEncoding = 4; lastKnownFileType = sourcecode.swift; name = ActivityViewController.swift; path = MyInstaStory/ActivityViewController.swift; sourceTree = "<group>"; };
		A2997E4B1F344E5F00D8230B /* ProfileViewController.swift */ = {isa = PBXFileReference; fileEncoding = 4; lastKnownFileType = sourcecode.swift; name = ProfileViewController.swift; path = MyInstaStory/ProfileViewController.swift; sourceTree = "<group>"; };
		A2997E4E1F34591800D8230B /* Base */ = {isa = PBXFileReference; lastKnownFileType = file.storyboard; name = Base; path = Base.lproj/Main.storyboard; sourceTree = "<group>"; };
		A2997E501F34606300D8230B /* Home.storyboard */ = {isa = PBXFileReference; fileEncoding = 4; lastKnownFileType = file.storyboard; path = Home.storyboard; sourceTree = "<group>"; };
		A2997E551F3461F600D8230B /* Discover.storyboard */ = {isa = PBXFileReference; fileEncoding = 4; lastKnownFileType = file.storyboard; path = Discover.storyboard; sourceTree = "<group>"; };
		A2997E581F34623200D8230B /* Base */ = {isa = PBXFileReference; lastKnownFileType = file.storyboard; name = Base; path = Base.lproj/Camera.storyboard; sourceTree = "<group>"; };
		A2997E5A1F34625C00D8230B /* Activity.storyboard */ = {isa = PBXFileReference; fileEncoding = 4; lastKnownFileType = file.storyboard; path = Activity.storyboard; sourceTree = "<group>"; };
		A2997E5D1F34628400D8230B /* Base */ = {isa = PBXFileReference; lastKnownFileType = file.storyboard; name = Base; path = Base.lproj/Profile.storyboard; sourceTree = "<group>"; };
		A2997E5F1F34A87700D8230B /* Extensions.swift */ = {isa = PBXFileReference; fileEncoding = 4; lastKnownFileType = sourcecode.swift; name = Extensions.swift; path = MyInstaStory/Extensions.swift; sourceTree = "<group>"; };
/* End PBXFileReference section */

/* Begin PBXFrameworksBuildPhase section */
		A2997E271F34280300D8230B /* Frameworks */ = {
			isa = PBXFrameworksBuildPhase;
			buildActionMask = 2147483647;
			files = (
				FD8A91340FC857CFE2C463C1 /* Pods_MyInstaStory.framework in Frameworks */,
			);
			runOnlyForDeploymentPostprocessing = 0;
		};
/* End PBXFrameworksBuildPhase section */

/* Begin PBXGroup section */
		1E5CD7FC57347D483C7F9353 /* Frameworks */ = {
			isa = PBXGroup;
			children = (
				060844CB0E17A5EEE3414694 /* Pods_MyInsta.framework */,
				2A828218B573D88818E48C86 /* Pods_MyInstaStory.framework */,
			);
			name = Frameworks;
			sourceTree = "<group>";
		};
		5198D531D780E55CDB100F5E /* Pods */ = {
			isa = PBXGroup;
			children = (
				619EE85C78FA9D166600BE81 /* Pods-MyInstaStory.debug.xcconfig */,
				31BB1266603867734A1F0154 /* Pods-MyInstaStory.release.xcconfig */,
			);
			name = Pods;
			sourceTree = "<group>";
		};
		A24FDEAF1F3561790019A061 /* MyInstaStory */ = {
			isa = PBXGroup;
			children = (
				A24FDEB41F36BD7F0019A061 /* MyInstaStory-Bridging-Header.h */,
				A2997E5F1F34A87700D8230B /* Extensions.swift */,
				A24FDEBA1F36CD9D0019A061 /* Constant.swift */,
				A24FDEB21F3608630019A061 /* AuthService.swift */,
				A24FDEB51F36BD7F0019A061 /* ProgressHUD.bundle */,
				A24FDEB61F36BD7F0019A061 /* ProgressHUD.h */,
				A24FDEB71F36BD7F0019A061 /* ProgressHUD.m */,
				A24FDEBC1F370AF50019A061 /* Models */,
				A24FDEBF1F3802800019A061 /* Views */,
				A2997E631F34A8C900D8230B /* Controllers */,
				A2997E3F1F342B7F00D8230B /* SigninViewController.swift */,
				A2997E411F34319500D8230B /* SignupViewController.swift */,
				A2997E431F344E0C00D8230B /* HomeViewController.swift */,
				A2997E451F344E2300D8230B /* DiscoverViewController.swift */,
				A2997E471F344E3F00D8230B /* CameraViewController.swift */,
				A2997E491F344E4D00D8230B /* ActivityViewController.swift */,
				A2997E4B1F344E5F00D8230B /* ProfileViewController.swift */,
				A2997E2D1F34280300D8230B /* AppDelegate.swift */,
				A2997E641F34AFB200D8230B /* Storyboards */,
				A2997E341F34280300D8230B /* Assets.xcassets */,
				A2997E361F34280300D8230B /* LaunchScreen.storyboard */,
				A24FDEB01F3561A30019A061 /* GoogleService-Info.plist */,
				A2997E391F34280300D8230B /* Info.plist */,
			);
			name = MyInstaStory;
			sourceTree = "<group>";
		};
		A24FDEBC1F370AF50019A061 /* Models */ = {
			isa = PBXGroup;
			children = (
				A24FDEBD1F370B040019A061 /* post.swift */,
			);
			name = Models;
			sourceTree = "<group>";
		};
		A24FDEBF1F3802800019A061 /* Views */ = {
			isa = PBXGroup;
			children = (
				A24FDEC01F3802CE0019A061 /* HomeTableViewCell.swift */,
			);
			name = Views;
			sourceTree = "<group>";
		};
		A2997E211F34280300D8230B = {
			isa = PBXGroup;
			children = (
				A24FDEAF1F3561790019A061 /* MyInstaStory */,
				A2997E2B1F34280300D8230B /* Products */,
				5198D531D780E55CDB100F5E /* Pods */,
				1E5CD7FC57347D483C7F9353 /* Frameworks */,
			);
			sourceTree = "<group>";
		};
		A2997E2B1F34280300D8230B /* Products */ = {
			isa = PBXGroup;
			children = (
				A2997E2A1F34280300D8230B /* MyInstaStory.app */,
			);
			name = Products;
			sourceTree = "<group>";
		};
		A2997E631F34A8C900D8230B /* Controllers */ = {
			isa = PBXGroup;
			children = (
			);
			name = Controllers;
			path = MyInstaStory;
			sourceTree = "<group>";
		};
		A2997E641F34AFB200D8230B /* Storyboards */ = {
			isa = PBXGroup;
			children = (
				A2997E311F34280300D8230B /* Start.storyboard */,
				A2997E4D1F34591800D8230B /* Main.storyboard */,
				A2997E501F34606300D8230B /* Home.storyboard */,
				A2997E551F3461F600D8230B /* Discover.storyboard */,
				A2997E571F34623200D8230B /* Camera.storyboard */,
				A2997E5A1F34625C00D8230B /* Activity.storyboard */,
				A2997E5C1F34628400D8230B /* Profile.storyboard */,
			);
			name = Storyboards;
			path = MyInstaStory;
			sourceTree = "<group>";
		};
/* End PBXGroup section */

/* Begin PBXNativeTarget section */
		A2997E291F34280300D8230B /* MyInstaStory */ = {
			isa = PBXNativeTarget;
			buildConfigurationList = A2997E3C1F34280300D8230B /* Build configuration list for PBXNativeTarget "MyInstaStory" */;
			buildPhases = (
				B5D0A33F1746807A34C1B0EA /* [CP] Check Pods Manifest.lock */,
				A2997E261F34280300D8230B /* Sources */,
				A2997E271F34280300D8230B /* Frameworks */,
				A2997E281F34280300D8230B /* Resources */,
				079B9B9367C865E0CDE68ADC /* [CP] Embed Pods Frameworks */,
				C3262C719CED2C48BD1C3277 /* [CP] Copy Pods Resources */,
			);
			buildRules = (
			);
			dependencies = (
			);
			name = MyInstaStory;
			productName = MyInsta;
			productReference = A2997E2A1F34280300D8230B /* MyInstaStory.app */;
			productType = "com.apple.product-type.application";
		};
/* End PBXNativeTarget section */

/* Begin PBXProject section */
		A2997E221F34280300D8230B /* Project object */ = {
			isa = PBXProject;
			attributes = {
				LastSwiftUpdateCheck = 0830;
				LastUpgradeCheck = 0830;
				ORGANIZATIONNAME = "park kyung suk";
				TargetAttributes = {
					A2997E291F34280300D8230B = {
						CreatedOnToolsVersion = 8.3.3;
						DevelopmentTeam = 4NG4Y8JK7B;
						LastSwiftMigration = 0830;
						ProvisioningStyle = Automatic;
					};
				};
			};
			buildConfigurationList = A2997E251F34280300D8230B /* Build configuration list for PBXProject "MyInstaStory" */;
			compatibilityVersion = "Xcode 3.2";
			developmentRegion = English;
			hasScannedForEncodings = 0;
			knownRegions = (
				en,
				Base,
			);
			mainGroup = A2997E211F34280300D8230B;
			productRefGroup = A2997E2B1F34280300D8230B /* Products */;
			projectDirPath = "";
			projectRoot = "";
			targets = (
				A2997E291F34280300D8230B /* MyInstaStory */,
			);
		};
/* End PBXProject section */

/* Begin PBXResourcesBuildPhase section */
		A2997E281F34280300D8230B /* Resources */ = {
			isa = PBXResourcesBuildPhase;
			buildActionMask = 2147483647;
			files = (
				A24FDEB81F36BD7F0019A061 /* ProgressHUD.bundle in Resources */,
				A2997E381F34280300D8230B /* LaunchScreen.storyboard in Resources */,
				A2997E591F34623200D8230B /* Camera.storyboard in Resources */,
				A2997E511F34606300D8230B /* Home.storyboard in Resources */,
				A2997E351F34280300D8230B /* Assets.xcassets in Resources */,
				A2997E331F34280300D8230B /* Start.storyboard in Resources */,
				A2997E4F1F34591800D8230B /* Main.storyboard in Resources */,
				A2997E5E1F34628400D8230B /* Profile.storyboard in Resources */,
				A24FDEB11F3561A30019A061 /* GoogleService-Info.plist in Resources */,
				A2997E561F3461F600D8230B /* Discover.storyboard in Resources */,
				A2997E5B1F34625C00D8230B /* Activity.storyboard in Resources */,
			);
			runOnlyForDeploymentPostprocessing = 0;
		};
/* End PBXResourcesBuildPhase section */

/* Begin PBXShellScriptBuildPhase section */
		079B9B9367C865E0CDE68ADC /* [CP] Embed Pods Frameworks */ = {
			isa = PBXShellScriptBuildPhase;
			buildActionMask = 2147483647;
			files = (
			);
			inputPaths = (
			);
			name = "[CP] Embed Pods Frameworks";
			outputPaths = (
			);
			runOnlyForDeploymentPostprocessing = 0;
			shellPath = /bin/sh;
			shellScript = "\"${SRCROOT}/Pods/Target Support Files/Pods-MyInstaStory/Pods-MyInstaStory-frameworks.sh\"\n";
			showEnvVarsInLog = 0;
		};
		B5D0A33F1746807A34C1B0EA /* [CP] Check Pods Manifest.lock */ = {
			isa = PBXShellScriptBuildPhase;
			buildActionMask = 2147483647;
			files = (
			);
			inputPaths = (
			);
			name = "[CP] Check Pods Manifest.lock";
			outputPaths = (
			);
			runOnlyForDeploymentPostprocessing = 0;
			shellPath = /bin/sh;
			shellScript = "diff \"${PODS_PODFILE_DIR_PATH}/Podfile.lock\" \"${PODS_ROOT}/Manifest.lock\" > /dev/null\nif [ $? != 0 ] ; then\n    # print error to STDERR\n    echo \"error: The sandbox is not in sync with the Podfile.lock. Run 'pod install' or update your CocoaPods installation.\" >&2\n    exit 1\nfi\n";
			showEnvVarsInLog = 0;
		};
		C3262C719CED2C48BD1C3277 /* [CP] Copy Pods Resources */ = {
			isa = PBXShellScriptBuildPhase;
			buildActionMask = 2147483647;
			files = (
			);
			inputPaths = (
			);
			name = "[CP] Copy Pods Resources";
			outputPaths = (
			);
			runOnlyForDeploymentPostprocessing = 0;
			shellPath = /bin/sh;
			shellScript = "\"${SRCROOT}/Pods/Target Support Files/Pods-MyInstaStory/Pods-MyInstaStory-resources.sh\"\n";
			showEnvVarsInLog = 0;
		};
/* End PBXShellScriptBuildPhase section */

/* Begin PBXSourcesBuildPhase section */
		A2997E261F34280300D8230B /* Sources */ = {
			isa = PBXSourcesBuildPhase;
			buildActionMask = 2147483647;
			files = (
				A2997E421F34319500D8230B /* SignupViewController.swift in Sources */,
				A2997E601F34A87700D8230B /* Extensions.swift in Sources */,
				A24FDEC11F3802CE0019A061 /* HomeTableViewCell.swift in Sources */,
				A2997E401F342B7F00D8230B /* SigninViewController.swift in Sources */,
				A2997E2E1F34280300D8230B /* AppDelegate.swift in Sources */,
				A24FDEBE1F370B040019A061 /* post.swift in Sources */,
				A2997E441F344E0C00D8230B /* HomeViewController.swift in Sources */,
				A2997E4A1F344E4D00D8230B /* ActivityViewController.swift in Sources */,
				A24FDEB91F36BD7F0019A061 /* ProgressHUD.m in Sources */,
				A2997E461F344E2300D8230B /* DiscoverViewController.swift in Sources */,
				A24FDEB31F3608630019A061 /* AuthService.swift in Sources */,
				A2997E4C1F344E5F00D8230B /* ProfileViewController.swift in Sources */,
				A2997E481F344E3F00D8230B /* CameraViewController.swift in Sources */,
				A24FDEBB1F36CD9D0019A061 /* Constant.swift in Sources */,
			);
			runOnlyForDeploymentPostprocessing = 0;
		};
/* End PBXSourcesBuildPhase section */

/* Begin PBXVariantGroup section */
		A2997E311F34280300D8230B /* Start.storyboard */ = {
			isa = PBXVariantGroup;
			children = (
				A2997E321F34280300D8230B /* Base */,
			);
			name = Start.storyboard;
			sourceTree = "<group>";
		};
		A2997E361F34280300D8230B /* LaunchScreen.storyboard */ = {
			isa = PBXVariantGroup;
			children = (
				A2997E371F34280300D8230B /* Base */,
			);
			name = LaunchScreen.storyboard;
			path = MyInstaStory;
			sourceTree = "<group>";
		};
		A2997E4D1F34591800D8230B /* Main.storyboard */ = {
			isa = PBXVariantGroup;
			children = (
				A2997E4E1F34591800D8230B /* Base */,
			);
			name = Main.storyboard;
			sourceTree = "<group>";
		};
		A2997E571F34623200D8230B /* Camera.storyboard */ = {
			isa = PBXVariantGroup;
			children = (
				A2997E581F34623200D8230B /* Base */,
			);
			name = Camera.storyboard;
			sourceTree = "<group>";
		};
		A2997E5C1F34628400D8230B /* Profile.storyboard */ = {
			isa = PBXVariantGroup;
			children = (
				A2997E5D1F34628400D8230B /* Base */,
			);
			name = Profile.storyboard;
			sourceTree = "<group>";
		};
/* End PBXVariantGroup section */

/* Begin XCBuildConfiguration section */
		A2997E3A1F34280300D8230B /* Debug */ = {
			isa = XCBuildConfiguration;
			buildSettings = {
				ALWAYS_SEARCH_USER_PATHS = NO;
				CLANG_ANALYZER_NONNULL = YES;
				CLANG_ANALYZER_NUMBER_OBJECT_CONVERSION = YES_AGGRESSIVE;
				CLANG_CXX_LANGUAGE_STANDARD = "gnu++0x";
				CLANG_CXX_LIBRARY = "libc++";
				CLANG_ENABLE_MODULES = YES;
				CLANG_ENABLE_OBJC_ARC = YES;
				CLANG_WARN_BOOL_CONVERSION = YES;
				CLANG_WARN_CONSTANT_CONVERSION = YES;
				CLANG_WARN_DIRECT_OBJC_ISA_USAGE = YES_ERROR;
				CLANG_WARN_DOCUMENTATION_COMMENTS = YES;
				CLANG_WARN_EMPTY_BODY = YES;
				CLANG_WARN_ENUM_CONVERSION = YES;
				CLANG_WARN_INFINITE_RECURSION = YES;
				CLANG_WARN_INT_CONVERSION = YES;
				CLANG_WARN_OBJC_ROOT_CLASS = YES_ERROR;
				CLANG_WARN_SUSPICIOUS_MOVE = YES;
				CLANG_WARN_UNREACHABLE_CODE = YES;
				CLANG_WARN__DUPLICATE_METHOD_MATCH = YES;
				"CODE_SIGN_IDENTITY[sdk=iphoneos*]" = "iPhone Developer";
				COPY_PHASE_STRIP = NO;
				DEBUG_INFORMATION_FORMAT = dwarf;
				ENABLE_STRICT_OBJC_MSGSEND = YES;
				ENABLE_TESTABILITY = YES;
				GCC_C_LANGUAGE_STANDARD = gnu99;
				GCC_DYNAMIC_NO_PIC = NO;
				GCC_NO_COMMON_BLOCKS = YES;
				GCC_OPTIMIZATION_LEVEL = 0;
				GCC_PREPROCESSOR_DEFINITIONS = (
					"DEBUG=1",
					"$(inherited)",
				);
				GCC_WARN_64_TO_32_BIT_CONVERSION = YES;
				GCC_WARN_ABOUT_RETURN_TYPE = YES_ERROR;
				GCC_WARN_UNDECLARED_SELECTOR = YES;
				GCC_WARN_UNINITIALIZED_AUTOS = YES_AGGRESSIVE;
				GCC_WARN_UNUSED_FUNCTION = YES;
				GCC_WARN_UNUSED_VARIABLE = YES;
				IPHONEOS_DEPLOYMENT_TARGET = 10.3;
				MTL_ENABLE_DEBUG_INFO = YES;
				ONLY_ACTIVE_ARCH = YES;
				SDKROOT = iphoneos;
				SWIFT_ACTIVE_COMPILATION_CONDITIONS = DEBUG;
				SWIFT_OPTIMIZATION_LEVEL = "-Onone";
				TARGETED_DEVICE_FAMILY = "1,2";
			};
			name = Debug;
		};
		A2997E3B1F34280300D8230B /* Release */ = {
			isa = XCBuildConfiguration;
			buildSettings = {
				ALWAYS_SEARCH_USER_PATHS = NO;
				CLANG_ANALYZER_NONNULL = YES;
				CLANG_ANALYZER_NUMBER_OBJECT_CONVERSION = YES_AGGRESSIVE;
				CLANG_CXX_LANGUAGE_STANDARD = "gnu++0x";
				CLANG_CXX_LIBRARY = "libc++";
				CLANG_ENABLE_MODULES = YES;
				CLANG_ENABLE_OBJC_ARC = YES;
				CLANG_WARN_BOOL_CONVERSION = YES;
				CLANG_WARN_CONSTANT_CONVERSION = YES;
				CLANG_WARN_DIRECT_OBJC_ISA_USAGE = YES_ERROR;
				CLANG_WARN_DOCUMENTATION_COMMENTS = YES;
				CLANG_WARN_EMPTY_BODY = YES;
				CLANG_WARN_ENUM_CONVERSION = YES;
				CLANG_WARN_INFINITE_RECURSION = YES;
				CLANG_WARN_INT_CONVERSION = YES;
				CLANG_WARN_OBJC_ROOT_CLASS = YES_ERROR;
				CLANG_WARN_SUSPICIOUS_MOVE = YES;
				CLANG_WARN_UNREACHABLE_CODE = YES;
				CLANG_WARN__DUPLICATE_METHOD_MATCH = YES;
				"CODE_SIGN_IDENTITY[sdk=iphoneos*]" = "iPhone Developer";
				COPY_PHASE_STRIP = NO;
				DEBUG_INFORMATION_FORMAT = "dwarf-with-dsym";
				ENABLE_NS_ASSERTIONS = NO;
				ENABLE_STRICT_OBJC_MSGSEND = YES;
				GCC_C_LANGUAGE_STANDARD = gnu99;
				GCC_NO_COMMON_BLOCKS = YES;
				GCC_WARN_64_TO_32_BIT_CONVERSION = YES;
				GCC_WARN_ABOUT_RETURN_TYPE = YES_ERROR;
				GCC_WARN_UNDECLARED_SELECTOR = YES;
				GCC_WARN_UNINITIALIZED_AUTOS = YES_AGGRESSIVE;
				GCC_WARN_UNUSED_FUNCTION = YES;
				GCC_WARN_UNUSED_VARIABLE = YES;
				IPHONEOS_DEPLOYMENT_TARGET = 10.3;
				MTL_ENABLE_DEBUG_INFO = NO;
				SDKROOT = iphoneos;
				SWIFT_OPTIMIZATION_LEVEL = "-Owholemodule";
				TARGETED_DEVICE_FAMILY = "1,2";
				VALIDATE_PRODUCT = YES;
			};
			name = Release;
		};
		A2997E3D1F34280300D8230B /* Debug */ = {
			isa = XCBuildConfiguration;
			baseConfigurationReference = 619EE85C78FA9D166600BE81 /* Pods-MyInstaStory.debug.xcconfig */;
			buildSettings = {
				CLANG_ENABLE_MODULES = YES;
				"CODE_SIGN_IDENTITY[sdk=iphoneos*]" = "iPhone Developer";
				DEVELOPMENT_TEAM = 4NG4Y8JK7B;
				INFOPLIST_FILE = MyInstaStory/Info.plist;
				IPHONEOS_DEPLOYMENT_TARGET = 10.3;
				LD_RUNPATH_SEARCH_PATHS = "$(inherited) @executable_path/Frameworks";
				PRODUCT_BUNDLE_IDENTIFIER = com.ninimepaku.MyInstaStory;
				PRODUCT_NAME = "$(TARGET_NAME)";
				PROVISIONING_PROFILE_SPECIFIER = "";
				SWIFT_OBJC_BRIDGING_HEADER = "MyInstaStory-Bridging-Header.h";
				SWIFT_OPTIMIZATION_LEVEL = "-Onone";
				SWIFT_VERSION = 3.0;
			};
			name = Debug;
		};
		A2997E3E1F34280300D8230B /* Release */ = {
			isa = XCBuildConfiguration;
			baseConfigurationReference = 31BB1266603867734A1F0154 /* Pods-MyInstaStory.release.xcconfig */;
			buildSettings = {
				CLANG_ENABLE_MODULES = YES;
				"CODE_SIGN_IDENTITY[sdk=iphoneos*]" = "iPhone Developer";
				DEVELOPMENT_TEAM = 4NG4Y8JK7B;
				INFOPLIST_FILE = MyInstaStory/Info.plist;
				IPHONEOS_DEPLOYMENT_TARGET = 10.3;
				LD_RUNPATH_SEARCH_PATHS = "$(inherited) @executable_path/Frameworks";
				PRODUCT_BUNDLE_IDENTIFIER = com.ninimepaku.MyInstaStory;
				PRODUCT_NAME = "$(TARGET_NAME)";
				PROVISIONING_PROFILE_SPECIFIER = "";
				SWIFT_OBJC_BRIDGING_HEADER = "MyInstaStory-Bridging-Header.h";
				SWIFT_VERSION = 3.0;
			};
			name = Release;
		};
/* End XCBuildConfiguration section */

/* Begin XCConfigurationList section */
		A2997E251F34280300D8230B /* Build configuration list for PBXProject "MyInstaStory" */ = {
			isa = XCConfigurationList;
			buildConfigurations = (
				A2997E3A1F34280300D8230B /* Debug */,
				A2997E3B1F34280300D8230B /* Release */,
			);
			defaultConfigurationIsVisible = 0;
			defaultConfigurationName = Release;
		};
		A2997E3C1F34280300D8230B /* Build configuration list for PBXNativeTarget "MyInstaStory" */ = {
			isa = XCConfigurationList;
			buildConfigurations = (
				A2997E3D1F34280300D8230B /* Debug */,
				A2997E3E1F34280300D8230B /* Release */,
			);
			defaultConfigurationIsVisible = 0;
			defaultConfigurationName = Release;
		};
/* End XCConfigurationList section */
	};
	rootObject = A2997E221F34280300D8230B /* Project object */;
}
